
Microsoft Visual Studio Solution File, Format Version 12.00
# Visual Studio Version 17
VisualStudioVersion = 17.13.35919.96
MinimumVisualStudioVersion = 10.0.40219.1
Project("{FAE04EC0-301F-11D3-BF4B-00C04F79EFBC}") = "RookieEcommerce.Application", "RookieEcommerce.Application\RookieEcommerce.Application.csproj", "{7FD2F431-5091-4880-B3F1-9EE0BD7C270A}"
EndProject
Project("{FAE04EC0-301F-11D3-BF4B-00C04F79EFBC}") = "RookieEcommerce.Infrastructure", "RookieEcommerce.Infrastructure\RookieEcommerce.Infrastructure.csproj", "{4B37493D-BE93-4C91-B28E-CEC1F1559651}"
EndProject
Project("{FAE04EC0-301F-11D3-BF4B-00C04F79EFBC}") = "RookieEcommerce.CustomerSite", "RookieEcommerce.CustomerSite\RookieEcommerce.CustomerSite.csproj", "{0C874763-FC88-4FF5-A7C1-2556A5388C4A}"
EndProject
Project("{FAE04EC0-301F-11D3-BF4B-00C04F79EFBC}") = "RookieEcommerce.SharedViewModels", "RookieEcommerce.SharedViewModels\RookieEcommerce.SharedViewModels.csproj", "{6537F947-1F51-44C1-9416-12FD50B252A0}"
EndProject
Project("{FAE04EC0-301F-11D3-BF4B-00C04F79EFBC}") = "RookieEcommerce.Domain", "RookieEcommerce.Domain\RookieEcommerce.Domain.csproj", "{943796D1-BFA1-45C4-8F40-661BF05D709C}"
EndProject
Project("{FAE04EC0-301F-11D3-BF4B-00C04F79EFBC}") = "RookieEcommerce.Api", "RookieEcommerce.Api\RookieEcommerce.Api.csproj", "{DDB7C906-C077-4BA4-BF43-5CB02F91177E}"
EndProject
Project("{2150E333-8FDC-42A3-9474-1A3956D46DE8}") = "Solution Items", "Solution Items", "{02EA681E-C7D8-13C7-8484-4AC65E1B71E8}"
	ProjectSection(SolutionItems) = preProject
		.editorconfig = .editorconfig
	EndProjectSection
EndProject
Project("{FAE04EC0-301F-11D3-BF4B-00C04F79EFBC}") = "RookieEcommerce.OpenIddictServer", "RookieEcommerce.OpenIddictServer\RookieEcommerce.OpenIddictServer.csproj", "{3F1BE330-3D05-4043-BD02-ED3F1826A1D0}"
EndProject
Global
	GlobalSection(SolutionConfigurationPlatforms) = preSolution
		Debug|Any CPU = Debug|Any CPU
		Release|Any CPU = Release|Any CPU
	EndGlobalSection
	GlobalSection(ProjectConfigurationPlatforms) = postSolution
		{7FD2F431-5091-4880-B3F1-9EE0BD7C270A}.Debug|Any CPU.ActiveCfg = Debug|Any CPU
		{7FD2F431-5091-4880-B3F1-9EE0BD7C270A}.Debug|Any CPU.Build.0 = Debug|Any CPU
		{7FD2F431-5091-4880-B3F1-9EE0BD7C270A}.Release|Any CPU.ActiveCfg = Release|Any CPU
		{7FD2F431-5091-4880-B3F1-9EE0BD7C270A}.Release|Any CPU.Build.0 = Release|Any CPU
		{4B37493D-BE93-4C91-B28E-CEC1F1559651}.Debug|Any CPU.ActiveCfg = Debug|Any CPU
		{4B37493D-BE93-4C91-B28E-CEC1F1559651}.Debug|Any CPU.Build.0 = Debug|Any CPU
		{4B37493D-BE93-4C91-B28E-CEC1F1559651}.Release|Any CPU.ActiveCfg = Release|Any CPU
		{4B37493D-BE93-4C91-B28E-CEC1F1559651}.Release|Any CPU.Build.0 = Release|Any CPU
		{0C874763-FC88-4FF5-A7C1-2556A5388C4A}.Debug|Any CPU.ActiveCfg = Debug|Any CPU
		{0C874763-FC88-4FF5-A7C1-2556A5388C4A}.Debug|Any CPU.Build.0 = Debug|Any CPU
		{0C874763-FC88-4FF5-A7C1-2556A5388C4A}.Release|Any CPU.ActiveCfg = Release|Any CPU
		{0C874763-FC88-4FF5-A7C1-2556A5388C4A}.Release|Any CPU.Build.0 = Release|Any CPU
		{6537F947-1F51-44C1-9416-12FD50B252A0}.Debug|Any CPU.ActiveCfg = Debug|Any CPU
		{6537F947-1F51-44C1-9416-12FD50B252A0}.Debug|Any CPU.Build.0 = Debug|Any CPU
		{6537F947-1F51-44C1-9416-12FD50B252A0}.Release|Any CPU.ActiveCfg = Release|Any CPU
		{6537F947-1F51-44C1-9416-12FD50B252A0}.Release|Any CPU.Build.0 = Release|Any CPU
		{943796D1-BFA1-45C4-8F40-661BF05D709C}.Debug|Any CPU.ActiveCfg = Debug|Any CPU
		{943796D1-BFA1-45C4-8F40-661BF05D709C}.Debug|Any CPU.Build.0 = Debug|Any CPU
		{943796D1-BFA1-45C4-8F40-661BF05D709C}.Release|Any CPU.ActiveCfg = Release|Any CPU
		{943796D1-BFA1-45C4-8F40-661BF05D709C}.Release|Any CPU.Build.0 = Release|Any CPU
		{DDB7C906-C077-4BA4-BF43-5CB02F91177E}.Debug|Any CPU.ActiveCfg = Debug|Any CPU
		{DDB7C906-C077-4BA4-BF43-5CB02F91177E}.Debug|Any CPU.Build.0 = Debug|Any CPU
		{DDB7C906-C077-4BA4-BF43-5CB02F91177E}.Release|Any CPU.ActiveCfg = Release|Any CPU
		{DDB7C906-C077-4BA4-BF43-5CB02F91177E}.Release|Any CPU.Build.0 = Release|Any CPU
		{3F1BE330-3D05-4043-BD02-ED3F1826A1D0}.Debug|Any CPU.ActiveCfg = Debug|Any CPU
		{3F1BE330-3D05-4043-BD02-ED3F1826A1D0}.Debug|Any CPU.Build.0 = Debug|Any CPU
		{3F1BE330-3D05-4043-BD02-ED3F1826A1D0}.Release|Any CPU.ActiveCfg = Release|Any CPU
		{3F1BE330-3D05-4043-BD02-ED3F1826A1D0}.Release|Any CPU.Build.0 = Release|Any CPU
	EndGlobalSection
	GlobalSection(SolutionProperties) = preSolution
		HideSolutionNode = FALSE
	EndGlobalSection
	GlobalSection(ExtensibilityGlobals) = postSolution
		SolutionGuid = {1D0C034E-CBFA-4810-9F9C-8F2982326D57}
	EndGlobalSection
EndGlobal
